lockfileVersion: '9.0'

settings:
  autoInstallPeers: true
  excludeLinksFromLockfile: false

importers:

  .:
    devDependencies:
      '@biomejs/biome':
        specifier: ^2.4.12
        version: 2.4.12
      '@playwright/test':
        specifier: ^1.58.2
        version: 1.58.2
      '@types/node':
        specifier: ^25.5.0
        version: 25.5.0
      dotenv:
        specifier: ^17.3.1
        version: 17.3.1
      husky:
        specifier: ^9.1.7
        version: 9.1.7
      lint-staged:
        specifier: ^16.4.0
        version: 16.4.0

packages:

  '@biomejs/biome@2.4.12':
    resolution: {integrity: sha512-Rro7adQl3NLq/zJCIL98eElXKI8eEiBtoeu5TbXF/U3qbjuSc7Jb5rjUbeHHcquDWeSf3HnGP7XI5qGrlRk/pA==}
    engines: {node: '>=14.21.3'}
    hasBin: true

  '@biomejs/cli-darwin-arm64@2.4.12':
    resolution: {integrity: sha512-BnMU4Pc3ciEVteVpZ0BK33MLr7X57F5w1dwDLDn+/iy/yTrA4Q/N2yftidFtsA4vrDh0FMXDpacNV/Tl3fbmng==}
    engines: {node: '>=14.21.3'}
    cpu: [arm64]
    os: [darwin]

  '@biomejs/cli-darwin-x64@2.4.12':
    resolution: {integrity: sha512-x9uJ0bI1rJsWICp3VH8w/5PnAVD3A7SqzDpbrfoUQX1QyWrK5jSU4fRLo/wSgGeplCivbxBRKmt5Xq4/nWvq8A==}
    engines: {node: '>=14.21.3'}
    cpu: [x64]
    os: [darwin]

  '@biomejs/cli-linux-arm64-musl@2.4.12':
    resolution: {integrity: sha512-FhfpkAAlKL6kwvcVap0Hgp4AhZmtd3YImg0kK1jd7C/aSoh4SfsB2f++yG1rU0lr8Y5MCFJrcSkmssiL9Xnnig==}
    engines: {node: '>=14.21.3'}
    cpu: [arm64]
    os: [linux]

  '@biomejs/cli-linux-arm64@2.4.12':
    resolution: {integrity: sha512-tOwuCuZZtKi1jVzbk/5nXmIsziOB6yqN8c9r9QM0EJYPU6DpQWf11uBOSCfFKKM4H3d9ZoarvlgMfbcuD051Pw==}
    engines: {node: '>=14.21.3'}
    cpu: [arm64]
    os: [linux]

  '@biomejs/cli-linux-x64-musl@2.4.12':
    resolution: {integrity: sha512-dwTIgZrGutzhkQCuvHynCkyW6hJxUuyZqKKO0YNfaS2GUoRO+tOvxXZqZB6SkWAOdfZTzwaw8IEdUnIkHKHoew==}
    engines: {node: '>=14.21.3'}
    cpu: [x64]
    os: [linux]

  '@biomejs/cli-linux-x64@2.4.12':
    resolution: {integrity: sha512-8pFeAnLU9QdW9jCIslB/v82bI0lhBmz2ZAKc8pVMFPO0t0wAHsoEkrUQUbMkIorTRIjbqyNZHA3lEXavsPWYSw==}
    engines: {node: '>=14.21.3'}
    cpu: [x64]
    os: [linux]

  '@biomejs/cli-win32-arm64@2.4.12':
    resolution: {integrity: sha512-B0DLnx0vA9ya/3v7XyCaP+/lCpnbWbMOfUFFve+xb5OxyYvdHaS55YsSddr228Y+JAFk58agCuZTsqNiw2a6ig==}
    engines: {node: '>=14.21.3'}
    cpu: [arm64]
    os: [win32]

  '@biomejs/cli-win32-x64@2.4.12':
    resolution: {integrity: sha512-yMckRzTyZ83hkk8iDFWswqSdU8tvZxspJKnYNh7JZr/zhZNOlzH13k4ecboU6MurKExCe2HUkH75pGI/O2JwGA==}
    engines: {node: '>=14.21.3'}
    cpu: [x64]
    os: [win32]

  '@playwright/test@1.58.2':
    resolution: {integrity: sha512-akea+6bHYBBfA9uQqSYmlJXn61cTa+jbO87xVLCWbTqbWadRVmhxlXATaOjOgcBaWU4ePo0wB41KMFv3o35IXA==}
    engines: {node: '>=18'}
    hasBin: true

  '@types/node@25.5.0':
    resolution: {integrity: sha512-jp2P3tQMSxWugkCUKLRPVUpGaL5MVFwF8RDuSRztfwgN1wmqJeMSbKlnEtQqU8UrhTmzEmZdu2I6v2dpp7XIxw==}

  ansi-escapes@7.3.0:
    resolution: {integrity: sha512-BvU8nYgGQBxcmMuEeUEmNTvrMVjJNSH7RgW24vXexN4Ven6qCvy4TntnvlnwnMLTVlcRQQdbRY8NKnaIoeWDNg==}
    engines: {node: '>=18'}

  ansi-regex@6.2.2:
    resolution: {integrity: sha512-Bq3SmSpyFHaWjPk8If9yc6svM8c56dB5BAtW4Qbw5jHTwwXXcTLoRMkpDJp6VL0XzlWaCHTXrkFURMYmD0sLqg==}
    engines: {node: '>=12'}

  ansi-styles@6.2.3:
    resolution: {integrity: sha512-4Dj6M28JB+oAH8kFkTLUo+a2jwOFkuqb3yucU0CANcRRUbxS0cP0nZYCGjcc3BNXwRIsUVmDGgzawme7zvJHvg==}
    engines: {node: '>=12'}

  cli-cursor@5.0.0:
    resolution: {integrity: sha512-aCj4O5wKyszjMmDT4tZj93kxyydN/K5zPWSCe6/0AV/AA1pqe5ZBIw0a2ZfPQV7lL5/yb5HsUreJ6UFAF1tEQw==}
    engines: {node: '>=18'}

  cli-truncate@5.2.0:
    resolution: {integrity: sha512-xRwvIOMGrfOAnM1JYtqQImuaNtDEv9v6oIYAs4LIHwTiKee8uwvIi363igssOC0O5U04i4AlENs79LQLu9tEMw==}
    engines: {node: '>=20'}

  colorette@2.0.20:
    resolution: {integrity: sha512-IfEDxwoWIjkeXL1eXcDiow4UbKjhLdq6/EuSVR9GMN7KVH3r9gQ83e73hsz1Nd1T3ijd5xv1wcWRYO+D6kCI2w==}

  commander@14.0.3:
    resolution: {integrity: sha512-H+y0Jo/T1RZ9qPP4Eh1pkcQcLRglraJaSLoyOtHxu6AapkjWVCy2Sit1QQ4x3Dng8qDlSsZEet7g5Pq06MvTgw==}
    engines: {node: '>=20'}

  dotenv@17.3.1:
    resolution: {integrity: sha512-IO8C/dzEb6O3F9/twg6ZLXz164a2fhTnEWb95H23Dm4OuN+92NmEAlTrupP9VW6Jm3sO26tQlqyvyi4CsnY9GA==}
    engines: {node: '>=12'}

  emoji-regex@10.6.0:
    resolution: {integrity: sha512-toUI84YS5YmxW219erniWD0CIVOo46xGKColeNQRgOzDorgBi1v4D71/OFzgD9GO2UGKIv1C3Sp8DAn0+j5w7A==}

  environment@1.1.0:
    resolution: {integrity: sha512-xUtoPkMggbz0MPyPiIWr1Kp4aeWJjDZ6SMvURhimjdZgsRuDplF5/s9hcgGhyXMhs+6vpnuoiZ2kFiu3FMnS8Q==}
    engines: {node: '>=18'}

  eventemitter3@5.0.4:
    resolution: {integrity: sha512-mlsTRyGaPBjPedk6Bvw+aqbsXDtoAyAzm5MO7JgU+yVRyMQ5O8bD4Kcci7BS85f93veegeCPkL8R4GLClnjLFw==}

  fsevents@2.3.2:
    resolution: {integrity: sha512-xiqMQR4xAeHTuB9uWm+fFRcIOgKBMiOBP+eXiyT7jsgVCq1bkVygt00oASowB7EdtpOHaaPgKt812P9ab+DDKA==}
    engines: {node: ^8.16.0 || ^10.6.0 || >=11.0.0}
    os: [darwin]

  get-east-asian-width@1.5.0:
    resolution: {integrity: sha512-CQ+bEO+Tva/qlmw24dCejulK5pMzVnUOFOijVogd3KQs07HnRIgp8TGipvCCRT06xeYEbpbgwaCxglFyiuIcmA==}
    engines: {node: '>=18'}

  husky@9.1.7:
    resolution: {integrity: sha512-5gs5ytaNjBrh5Ow3zrvdUUY+0VxIuWVL4i9irt6friV+BqdCfmV11CQTWMiBYWHbXhco+J1kHfTOUkePhCDvMA==}
    engines: {node: '>=18'}
    hasBin: true

  is-fullwidth-code-point@5.1.0:
    resolution: {integrity: sha512-5XHYaSyiqADb4RnZ1Bdad6cPp8Toise4TzEjcOYDHZkTCbKgiUl7WTUCpNWHuxmDt91wnsZBc9xinNzopv3JMQ==}
    engines: {node: '>=18'}

  lint-staged@16.4.0:
    resolution: {integrity: sha512-lBWt8hujh/Cjysw5GYVmZpFHXDCgZzhrOm8vbcUdobADZNOK/bRshr2kM3DfgrrtR1DQhfupW9gnIXOfiFi+bw==}
    engines: {node: '>=20.17'}
    hasBin: true

  listr2@9.0.5:
    resolution: {integrity: sha512-ME4Fb83LgEgwNw96RKNvKV4VTLuXfoKudAmm2lP8Kk87KaMK0/Xrx/aAkMWmT8mDb+3MlFDspfbCs7adjRxA2g==}
    engines: {node: '>=20.0.0'}

  log-update@6.1.0:
    resolution: {integrity: sha512-9ie8ItPR6tjY5uYJh8K/Zrv/RMZ5VOlOWvtZdEHYSTFKZfIBPQa9tOAEeAWhd+AnIneLJ22w5fjOYtoutpWq5w==}
    engines: {node: '>=18'}

  mimic-function@5.0.1:
    resolution: {integrity: sha512-VP79XUPxV2CigYP3jWwAUFSku2aKqBH7uTAapFWCBqutsbmDo96KY5o8uh6U+/YSIn5OxJnXp73beVkpqMIGhA==}
    engines: {node: '>=18'}

  onetime@7.0.0:
    resolution: {integrity: sha512-VXJjc87FScF88uafS3JllDgvAm+c/Slfz06lorj2uAY34rlUu0Nt+v8wreiImcrgAjjIHp1rXpTDlLOGw29WwQ==}
    engines: {node: '>=18'}

  picomatch@4.0.4:
    resolution: {integrity: sha512-QP88BAKvMam/3NxH6vj2o21R6MjxZUAd6nlwAS/pnGvN9IVLocLHxGYIzFhg6fUQ+5th6P4dv4eW9jX3DSIj7A==}
    engines: {node: '>=12'}

  playwright-core@1.58.2:
    resolution: {integrity: sha512-yZkEtftgwS8CsfYo7nm0KE8jsvm6i/PTgVtB8DL726wNf6H2IMsDuxCpJj59KDaxCtSnrWan2AeDqM7JBaultg==}
    engines: {node: '>=18'}
    hasBin: true

  playwright@1.58.2:
    resolution: {integrity: sha512-vA30H8Nvkq/cPBnNw4Q8TWz1EJyqgpuinBcHET0YVJVFldr8JDNiU9LaWAE1KqSkRYazuaBhTpB5ZzShOezQ6A==}
    engines: {node: '>=18'}
    hasBin: true

  restore-cursor@5.1.0:
    resolution: {integrity: sha512-oMA2dcrw6u0YfxJQXm342bFKX/E4sG9rbTzO9ptUcR/e8A33cHuvStiYOwH7fszkZlZ1z/ta9AAoPk2F4qIOHA==}
    engines: {node: '>=18'}

  rfdc@1.4.1:
    resolution: {integrity: sha512-q1b3N5QkRUWUl7iyylaaj3kOpIT0N2i9MqIEQXP73GVsN9cw3fdx8X63cEmWhJGi2PPCF23Ijp7ktmd39rawIA==}

  signal-exit@4.1.0:
    resolution: {integrity: sha512-bzyZ1e88w9O1iNJbKnOlvYTrWPDl46O1bG0D3XInv+9tkPrxrN8jUUTiFlDkkmKWgn1M6CfIA13SuGqOa9Korw==}
    engines: {node: '>=14'}

  slice-ansi@7.1.2:
    resolution: {integrity: sha512-iOBWFgUX7caIZiuutICxVgX1SdxwAVFFKwt1EvMYYec/NWO5meOJ6K5uQxhrYBdQJne4KxiqZc+KptFOWFSI9w==}
    engines: {node: '>=18'}

  slice-ansi@8.0.0:
    resolution: {integrity: sha512-stxByr12oeeOyY2BlviTNQlYV5xOj47GirPr4yA1hE9JCtxfQN0+tVbkxwCtYDQWhEKWFHsEK48ORg5jrouCAg==}
    engines: {node: '>=20'}

  string-argv@0.3.2:
    resolution: {integrity: sha512-aqD2Q0144Z+/RqG52NeHEkZauTAUWJO8c6yTftGJKO3Tja5tUgIfmIl6kExvhtxSDP7fXB6DvzkfMpCd/F3G+Q==}
    engines: {node: '>=0.6.19'}

  string-width@7.2.0:
    resolution: {integrity: sha512-tsaTIkKW9b4N+AEj+SVA+WhJzV7/zMhcSu78mLKWSk7cXMOSHsBKFWUs0fWwq8QyK3MgJBQRX6Gbi4kYbdvGkQ==}
    engines: {node: '>=18'}

  string-width@8.2.0:
    resolution: {integrity: sha512-6hJPQ8N0V0P3SNmP6h2J99RLuzrWz2gvT7VnK5tKvrNqJoyS9W4/Fb8mo31UiPvy00z7DQXkP2hnKBVav76thw==}
    engines: {node: '>=20'}

  strip-ansi@7.2.0:
    resolution: {integrity: sha512-yDPMNjp4WyfYBkHnjIRLfca1i6KMyGCtsVgoKe/z1+6vukgaENdgGBZt+ZmKPc4gavvEZ5OgHfHdrazhgNyG7w==}
    engines: {node: '>=12'}

  tinyexec@1.1.1:
    resolution: {integrity: sha512-VKS/ZaQhhkKFMANmAOhhXVoIfBXblQxGX1myCQ2faQrfmobMftXeJPcZGp0gS07ocvGJWDLZGyOZDadDBqYIJg==}
    engines: {node: '>=18'}

  undici-types@7.18.2:
    resolution: {integrity: sha512-AsuCzffGHJybSaRrmr5eHr81mwJU3kjw6M+uprWvCXiNeN9SOGwQ3Jn8jb8m3Z6izVgknn1R0FTCEAP2QrLY/w==}

  wrap-ansi@9.0.2:
    resolution: {integrity: sha512-42AtmgqjV+X1VpdOfyTGOYRi0/zsoLqtXQckTmqTeybT+BDIbM/Guxo7x3pE2vtpr1ok6xRqM9OpBe+Jyoqyww==}
    engines: {node: '>=18'}

  yaml@2.8.3:
    resolution: {integrity: sha512-AvbaCLOO2Otw/lW5bmh9d/WEdcDFdQp2Z2ZUH3pX9U2ihyUY0nvLv7J6TrWowklRGPYbB/IuIMfYgxaCPg5Bpg==}
    engines: {node: '>= 14.6'}
    hasBin: true

snapshots:

  '@biomejs/biome@2.4.12':
    optionalDependencies:
      '@biomejs/cli-darwin-arm64': 2.4.12
      '@biomejs/cli-darwin-x64': 2.4.12
      '@biomejs/cli-linux-arm64': 2.4.12
      '@biomejs/cli-linux-arm64-musl': 2.4.12
      '@biomejs/cli-linux-x64': 2.4.12
      '@biomejs/cli-linux-x64-musl': 2.4.12
      '@biomejs/cli-win32-arm64': 2.4.12
      '@biomejs/cli-win32-x64': 2.4.12

  '@biomejs/cli-darwin-arm64@2.4.12':
    optional: true

  '@biomejs/cli-darwin-x64@2.4.12':
    optional: true

  '@biomejs/cli-linux-arm64-musl@2.4.12':
    optional: true

  '@biomejs/cli-linux-arm64@2.4.12':
    optional: true

  '@biomejs/cli-linux-x64-musl@2.4.12':
    optional: true

  '@biomejs/cli-linux-x64@2.4.12':
    optional: true

  '@biomejs/cli-win32-arm64@2.4.12':
    optional: true

  '@biomejs/cli-win32-x64@2.4.12':
    optional: true

  '@playwright/test@1.58.2':
    dependencies:
      playwright: 1.58.2

  '@types/node@25.5.0':
    dependencies:
      undici-types: 7.18.2

  ansi-escapes@7.3.0:
    dependencies:
      environment: 1.1.0

  ansi-regex@6.2.2: {}

  ansi-styles@6.2.3: {}

  cli-cursor@5.0.0:
    dependencies:
      restore-cursor: 5.1.0

  cli-truncate@5.2.0:
    dependencies:
      slice-ansi: 8.0.0
      string-width: 8.2.0

  colorette@2.0.20: {}

  commander@14.0.3: {}

  dotenv@17.3.1: {}

  emoji-regex@10.6.0: {}

  environment@1.1.0: {}

  eventemitter3@5.0.4: {}

  fsevents@2.3.2:
    optional: true

  get-east-asian-width@1.5.0: {}

  husky@9.1.7: {}

  is-fullwidth-code-point@5.1.0:
    dependencies:
      get-east-asian-width: 1.5.0

  lint-staged@16.4.0:
    dependencies:
      commander: 14.0.3
      listr2: 9.0.5
      picomatch: 4.0.4
      string-argv: 0.3.2
      tinyexec: 1.1.1
      yaml: 2.8.3

  listr2@9.0.5:
    dependencies:
      cli-truncate: 5.2.0
      colorette: 2.0.20
      eventemitter3: 5.0.4
      log-update: 6.1.0
      rfdc: 1.4.1
      wrap-ansi: 9.0.2

  log-update@6.1.0:
    dependencies:
      ansi-escapes: 7.3.0
      cli-cursor: 5.0.0
      slice-ansi: 7.1.2
      strip-ansi: 7.2.0
      wrap-ansi: 9.0.2

  mimic-function@5.0.1: {}

  onetime@7.0.0:
    dependencies:
      mimic-function: 5.0.1

  picomatch@4.0.4: {}

  playwright-core@1.58.2: {}

  playwright@1.58.2:
    dependencies:
      playwright-core: 1.58.2
    optionalDependencies:
      fsevents: 2.3.2

  restore-cursor@5.1.0:
    dependencies:
      onetime: 7.0.0
      signal-exit: 4.1.0

  rfdc@1.4.1: {}

  signal-exit@4.1.0: {}

  slice-ansi@7.1.2:
    dependencies:
      ansi-styles: 6.2.3
      is-fullwidth-code-point: 5.1.0

  slice-ansi@8.0.0:
    dependencies:
      ansi-styles: 6.2.3
      is-fullwidth-code-point: 5.1.0

  string-argv@0.3.2: {}

  string-width@7.2.0:
    dependencies:
      emoji-regex: 10.6.0
      get-east-asian-width: 1.5.0
      strip-ansi: 7.2.0

  string-width@8.2.0:
    dependencies:
      get-east-asian-width: 1.5.0
      strip-ansi: 7.2.0

  strip-ansi@7.2.0:
    dependencies:
      ansi-regex: 6.2.2

  tinyexec@1.1.1: {}

  undici-types@7.18.2: {}

  wrap-ansi@9.0.2:
    dependencies:
      ansi-styles: 6.2.3
      string-width: 7.2.0
      strip-ansi: 7.2.0

  yaml@2.8.3: {}
